
Microsoft Visual Studio Solution File, Format Version 12.00
# Visual Studio Version 16
VisualStudioVersion = 16.0.31321.278
MinimumVisualStudioVersion = 10.0.40219.1
Project("{9A19103F-16F7-4668-BE54-9A1E7A4F7556}") = "DataAccess", "DataAccess\DataAccess.csproj", "{60EAE734-387D-42B2-8118-DDB8F0615582}"
EndProject
Project("{9A19103F-16F7-4668-BE54-9A1E7A4F7556}") = "Business", "Business\Business.csproj", "{7F062487-5FD1-4005-86A0-4DE491F35E46}"
EndProject
Project("{9A19103F-16F7-4668-BE54-9A1E7A4F7556}") = "Entities", "Entities\Entities.csproj", "{6E0C0DD5-D272-44E2-AAED-979F99F84E81}"
EndProject
Project("{9A19103F-16F7-4668-BE54-9A1E7A4F7556}") = "ConsoleUI", "ConsoleUI\ConsoleUI.csproj", "{9A79C6BC-8293-444A-B51A-B08416292042}"
EndProject
Project("{FAE04EC0-301F-11D3-BF4B-00C04F79EFBC}") = "Core", "Core\Core.csproj", "{5BA13F4E-3693-4F53-A20C-956B558D8481}"
EndProject
Global
	GlobalSection(SolutionConfigurationPlatforms) = preSolution
		Debug|Any CPU = Debug|Any CPU
		Release|Any CPU = Release|Any CPU
	EndGlobalSection
	GlobalSection(ProjectConfigurationPlatforms) = postSolution
		{60EAE734-387D-42B2-8118-DDB8F0615582}.Debug|Any CPU.ActiveCfg = Debug|Any CPU
		{60EAE734-387D-42B2-8118-DDB8F0615582}.Debug|Any CPU.Build.0 = Debug|Any CPU
		{60EAE734-387D-42B2-8118-DDB8F0615582}.Release|Any CPU.ActiveCfg = Release|Any CPU
		{60EAE734-387D-42B2-8118-DDB8F0615582}.Release|Any CPU.Build.0 = Release|Any CPU
		{7F062487-5FD1-4005-86A0-4DE491F35E46}.Debug|Any CPU.ActiveCfg = Debug|Any CPU
		{7F062487-5FD1-4005-86A0-4DE491F35E46}.Debug|Any CPU.Build.0 = Debug|Any CPU
		{7F062487-5FD1-4005-86A0-4DE491F35E46}.Release|Any CPU.ActiveCfg = Release|Any CPU
		{7F062487-5FD1-4005-86A0-4DE491F35E46}.Release|Any CPU.Build.0 = Release|Any CPU
		{6E0C0DD5-D272-44E2-AAED-979F99F84E81}.Debug|Any CPU.ActiveCfg = Debug|Any CPU
		{6E0C0DD5-D272-44E2-AAED-979F99F84E81}.Debug|Any CPU.Build.0 = Debug|Any CPU
		{6E0C0DD5-D272-44E2-AAED-979F99F84E81}.Release|Any CPU.ActiveCfg = Release|Any CPU
		{6E0C0DD5-D272-44E2-AAED-979F99F84E81}.Release|Any CPU.Build.0 = Release|Any CPU
		{9A79C6BC-8293-444A-B51A-B08416292042}.Debug|Any CPU.ActiveCfg = Debug|Any CPU
		{9A79C6BC-8293-444A-B51A-B08416292042}.Debug|Any CPU.Build.0 = Debug|Any CPU
		{9A79C6BC-8293-444A-B51A-B08416292042}.Release|Any CPU.ActiveCfg = Release|Any CPU
		{9A79C6BC-8293-444A-B51A-B08416292042}.Release|Any CPU.Build.0 = Release|Any CPU
		{5BA13F4E-3693-4F53-A20C-956B558D8481}.Debug|Any CPU.ActiveCfg = Debug|Any CPU
		{5BA13F4E-3693-4F53-A20C-956B558D8481}.Debug|Any CPU.Build.0 = Debug|Any CPU
		{5BA13F4E-3693-4F53-A20C-956B558D8481}.Release|Any CPU.ActiveCfg = Release|Any CPU
		{5BA13F4E-3693-4F53-A20C-956B558D8481}.Release|Any CPU.Build.0 = Release|Any CPU
	EndGlobalSection
	GlobalSection(SolutionProperties) = preSolution
		HideSolutionNode = FALSE
	EndGlobalSection
	GlobalSection(ExtensibilityGlobals) = postSolution
		SolutionGuid = {12F50CD5-610E-4224-B24C-AA82CA343C73}
	EndGlobalSection
EndGlobal
